
Microsoft Visual Studio Solution File, Format Version 12.00
# Visual Studio 15
VisualStudioVersion = 15.0.28307.1000
MinimumVisualStudioVersion = 10.0.40219.1
Project("{FAE04EC0-301F-11D3-BF4B-00C04F79EFBC}") = "TeduShop.Common", "TeduShop.Common\TeduShop.Common.csproj", "{447354FB-7404-4A9D-BC53-EEA88E03BDED}"
EndProject
Project("{FAE04EC0-301F-11D3-BF4B-00C04F79EFBC}") = "TeduShop.Model", "TeduShop.Model\TeduShop.Model.csproj", "{5D34A7F0-F614-4C22-91F3-D6A0750A607C}"
EndProject
Project("{FAE04EC0-301F-11D3-BF4B-00C04F79EFBC}") = "TeduShop.Data", "TeduShop.Data\TeduShop.Data.csproj", "{3C6F6C7C-62AD-41AA-B258-F301652478E3}"
EndProject
Project("{FAE04EC0-301F-11D3-BF4B-00C04F79EFBC}") = "TeduShop.Service", "TeduShop.Service\TeduShop.Service.csproj", "{098BE097-7D8E-41CA-88DD-1E5380D5CE77}"
EndProject
Project("{FAE04EC0-301F-11D3-BF4B-00C04F79EFBC}") = "TeduShop.UnitTest1", "TeduShop.UnitTest1\TeduShop.UnitTest1.csproj", "{8B199D9D-6E8B-4C78-807B-C082A5DCF98E}"
EndProject
Project("{FAE04EC0-301F-11D3-BF4B-00C04F79EFBC}") = "TeduShop.Web", "TeduShop.Web\TeduShop.Web.csproj", "{C19EB41B-F02D-4AB6-8A57-5E0BBFAFEF59}"
EndProject
Global
	GlobalSection(SolutionConfigurationPlatforms) = preSolution
		Debug|Any CPU = Debug|Any CPU
		Release|Any CPU = Release|Any CPU
	EndGlobalSection
	GlobalSection(ProjectConfigurationPlatforms) = postSolution
		{447354FB-7404-4A9D-BC53-EEA88E03BDED}.Debug|Any CPU.ActiveCfg = Debug|Any CPU
		{447354FB-7404-4A9D-BC53-EEA88E03BDED}.Debug|Any CPU.Build.0 = Debug|Any CPU
		{447354FB-7404-4A9D-BC53-EEA88E03BDED}.Release|Any CPU.ActiveCfg = Release|Any CPU
		{447354FB-7404-4A9D-BC53-EEA88E03BDED}.Release|Any CPU.Build.0 = Release|Any CPU
		{5D34A7F0-F614-4C22-91F3-D6A0750A607C}.Debug|Any CPU.ActiveCfg = Debug|Any CPU
		{5D34A7F0-F614-4C22-91F3-D6A0750A607C}.Debug|Any CPU.Build.0 = Debug|Any CPU
		{5D34A7F0-F614-4C22-91F3-D6A0750A607C}.Release|Any CPU.ActiveCfg = Release|Any CPU
		{5D34A7F0-F614-4C22-91F3-D6A0750A607C}.Release|Any CPU.Build.0 = Release|Any CPU
		{3C6F6C7C-62AD-41AA-B258-F301652478E3}.Debug|Any CPU.ActiveCfg = Debug|Any CPU
		{3C6F6C7C-62AD-41AA-B258-F301652478E3}.Debug|Any CPU.Build.0 = Debug|Any CPU
		{3C6F6C7C-62AD-41AA-B258-F301652478E3}.Release|Any CPU.ActiveCfg = Release|Any CPU
		{3C6F6C7C-62AD-41AA-B258-F301652478E3}.Release|Any CPU.Build.0 = Release|Any CPU
		{098BE097-7D8E-41CA-88DD-1E5380D5CE77}.Debug|Any CPU.ActiveCfg = Debug|Any CPU
		{098BE097-7D8E-41CA-88DD-1E5380D5CE77}.Debug|Any CPU.Build.0 = Debug|Any CPU
		{098BE097-7D8E-41CA-88DD-1E5380D5CE77}.Release|Any CPU.ActiveCfg = Release|Any CPU
		{098BE097-7D8E-41CA-88DD-1E5380D5CE77}.Release|Any CPU.Build.0 = Release|Any CPU
		{8B199D9D-6E8B-4C78-807B-C082A5DCF98E}.Debug|Any CPU.ActiveCfg = Debug|Any CPU
		{8B199D9D-6E8B-4C78-807B-C082A5DCF98E}.Debug|Any CPU.Build.0 = Debug|Any CPU
		{8B199D9D-6E8B-4C78-807B-C082A5DCF98E}.Release|Any CPU.ActiveCfg = Release|Any CPU
		{8B199D9D-6E8B-4C78-807B-C082A5DCF98E}.Release|Any CPU.Build.0 = Release|Any CPU
		{C19EB41B-F02D-4AB6-8A57-5E0BBFAFEF59}.Debug|Any CPU.ActiveCfg = Debug|Any CPU
		{C19EB41B-F02D-4AB6-8A57-5E0BBFAFEF59}.Debug|Any CPU.Build.0 = Debug|Any CPU
		{C19EB41B-F02D-4AB6-8A57-5E0BBFAFEF59}.Release|Any CPU.ActiveCfg = Release|Any CPU
		{C19EB41B-F02D-4AB6-8A57-5E0BBFAFEF59}.Release|Any CPU.Build.0 = Release|Any CPU
	EndGlobalSection
	GlobalSection(SolutionProperties) = preSolution
		HideSolutionNode = FALSE
	EndGlobalSection
	GlobalSection(ExtensibilityGlobals) = postSolution
		SolutionGuid = {DD422E9C-69F8-43E9-B752-B18AF1101F31}
	EndGlobalSection
EndGlobal
